
Microsoft Visual Studio Solution File, Format Version 12.00
# Visual Studio Version 16
VisualStudioVersion = 16.0.31205.134
MinimumVisualStudioVersion = 10.0.40219.1
Project("{FAE04EC0-301F-11D3-BF4B-00C04F79EFBC}") = "WebElReyCan", "WebElReyCan\WebElReyCan.csproj", "{A5B933A2-37AA-4804-B26E-A47D967A34C3}"
EndProject
Global
	GlobalSection(SolutionConfigurationPlatforms) = preSolution
		Debug|Any CPU = Debug|Any CPU
		Release|Any CPU = Release|Any CPU
	EndGlobalSection
	GlobalSection(ProjectConfigurationPlatforms) = postSolution
		{A5B933A2-37AA-4804-B26E-A47D967A34C3}.Debug|Any CPU.ActiveCfg = Debug|Any CPU
		{A5B933A2-37AA-4804-B26E-A47D967A34C3}.Debug|Any CPU.Build.0 = Debug|Any CPU
		{A5B933A2-37AA-4804-B26E-A47D967A34C3}.Release|Any CPU.ActiveCfg = Release|Any CPU
		{A5B933A2-37AA-4804-B26E-A47D967A34C3}.Release|Any CPU.Build.0 = Release|Any CPU
	EndGlobalSection
	GlobalSection(SolutionProperties) = preSolution
		HideSolutionNode = FALSE
	EndGlobalSection
	GlobalSection(ExtensibilityGlobals) = postSolution
		SolutionGuid = {964D766F-BA14-440E-8C19-80F05C70EB8D}
	EndGlobalSection
EndGlobal
